
Microsoft Visual Studio Solution File, Format Version 12.00
# Visual Studio Version 17
VisualStudioVersion = 17.11.35312.102
MinimumVisualStudioVersion = 10.0.40219.1
Project("{2150E333-8FDC-42A3-9474-1A3956D46DE8}") = "FrontEnd", "FrontEnd", "{44265D00-8A1D-45E7-A396-FE330D0FDD73}"
EndProject
Project("{2150E333-8FDC-42A3-9474-1A3956D46DE8}") = "GeteWay", "GeteWay", "{1FE14A5D-6597-4D87-A34F-F1D50E9C8FE5}"
EndProject
Project("{2150E333-8FDC-42A3-9474-1A3956D46DE8}") = "Integration", "Integration", "{135E3629-BD6D-4089-BA6F-505429197274}"
EndProject
Project("{2150E333-8FDC-42A3-9474-1A3956D46DE8}") = "Services", "Services", "{351C8005-65C5-4693-96E8-964A1B96B586}"
EndProject
Project("{9A19103F-16F7-4668-BE54-9A1E7A4F7556}") = "Mango.Services.CouponAPI", "Mango.Services.CouponAPI\Mango.Services.CouponAPI.csproj", "{912AAE51-B311-4DFD-B642-AF3E2A192F4C}"
EndProject
Project("{9A19103F-16F7-4668-BE54-9A1E7A4F7556}") = "Mango.Web", "Mango.Web\Mango.Web.csproj", "{E6EA2B18-4B16-48E8-9A4E-F09D4DD75D85}"
EndProject
Project("{FAE04EC0-301F-11D3-BF4B-00C04F79EFBC}") = "Mango.Services.AuthAPI", "Mango.Services.AuthAPI\Mango.Services.AuthAPI.csproj", "{DBE28354-C81F-4FE0-AD67-49609433F6E0}"
EndProject
Global
	GlobalSection(SolutionConfigurationPlatforms) = preSolution
		Debug|Any CPU = Debug|Any CPU
		Release|Any CPU = Release|Any CPU
	EndGlobalSection
	GlobalSection(ProjectConfigurationPlatforms) = postSolution
		{912AAE51-B311-4DFD-B642-AF3E2A192F4C}.Debug|Any CPU.ActiveCfg = Debug|Any CPU
		{912AAE51-B311-4DFD-B642-AF3E2A192F4C}.Debug|Any CPU.Build.0 = Debug|Any CPU
		{912AAE51-B311-4DFD-B642-AF3E2A192F4C}.Release|Any CPU.ActiveCfg = Release|Any CPU
		{912AAE51-B311-4DFD-B642-AF3E2A192F4C}.Release|Any CPU.Build.0 = Release|Any CPU
		{E6EA2B18-4B16-48E8-9A4E-F09D4DD75D85}.Debug|Any CPU.ActiveCfg = Debug|Any CPU
		{E6EA2B18-4B16-48E8-9A4E-F09D4DD75D85}.Debug|Any CPU.Build.0 = Debug|Any CPU
		{E6EA2B18-4B16-48E8-9A4E-F09D4DD75D85}.Release|Any CPU.ActiveCfg = Release|Any CPU
		{E6EA2B18-4B16-48E8-9A4E-F09D4DD75D85}.Release|Any CPU.Build.0 = Release|Any CPU
		{DBE28354-C81F-4FE0-AD67-49609433F6E0}.Debug|Any CPU.ActiveCfg = Debug|Any CPU
		{DBE28354-C81F-4FE0-AD67-49609433F6E0}.Debug|Any CPU.Build.0 = Debug|Any CPU
		{DBE28354-C81F-4FE0-AD67-49609433F6E0}.Release|Any CPU.ActiveCfg = Release|Any CPU
		{DBE28354-C81F-4FE0-AD67-49609433F6E0}.Release|Any CPU.Build.0 = Release|Any CPU
	EndGlobalSection
	GlobalSection(SolutionProperties) = preSolution
		HideSolutionNode = FALSE
	EndGlobalSection
	GlobalSection(NestedProjects) = preSolution
		{912AAE51-B311-4DFD-B642-AF3E2A192F4C} = {351C8005-65C5-4693-96E8-964A1B96B586}
		{E6EA2B18-4B16-48E8-9A4E-F09D4DD75D85} = {44265D00-8A1D-45E7-A396-FE330D0FDD73}
		{DBE28354-C81F-4FE0-AD67-49609433F6E0} = {351C8005-65C5-4693-96E8-964A1B96B586}
	EndGlobalSection
	GlobalSection(ExtensibilityGlobals) = postSolution
		SolutionGuid = {A9319B1D-F4B9-413B-BBF6-393EF22E6E5D}
	EndGlobalSection
EndGlobal
